// !$*UTF8*$!
{
	archiveVersion = 1;
	classes = {
	};
	objectVersion = 46;
	objects = {

/* Begin PBXBuildFile section */
		6E6694CC19609F7300D32FDA /* AppDelegate.swift in Sources */ = {isa = PBXBuildFile; fileRef = 6E6694CB19609F7300D32FDA /* AppDelegate.swift */; };
		6E6694CE19609F7300D32FDA /* ViewController.swift in Sources */ = {isa = PBXBuildFile; fileRef = 6E6694CD19609F7300D32FDA /* ViewController.swift */; };
		6E6694D119609F7300D32FDA /* Main.storyboard in Resources */ = {isa = PBXBuildFile; fileRef = 6E6694CF19609F7300D32FDA /* Main.storyboard */; };
		6E6694D319609F7300D32FDA /* Images.xcassets in Resources */ = {isa = PBXBuildFile; fileRef = 6E6694D219609F7300D32FDA /* Images.xcassets */; };
		6E6694DF19609F7400D32FDA /* HelloWorldTests.swift in Sources */ = {isa = PBXBuildFile; fileRef = 6E6694DE19609F7400D32FDA /* HelloWorldTests.swift */; };
/* End PBXBuildFile section */

/* Begin PBXContainerItemProxy section */
		6E6694D919609F7300D32FDA /* PBXContainerItemProxy */ = {
			isa = PBXContainerItemProxy;
			containerPortal = 6E6694BE19609F7300D32FDA /* Project object */;
			proxyType = 1;
			remoteGlobalIDString = 6E6694C519609F7300D32FDA;
			remoteInfo = HelloWorld;
		};
/* End PBXContainerItemProxy section */

/* Begin PBXFileReference section */
		6E6694C619609F7300D32FDA /* HelloWorld.app */ = {isa = PBXFileReference; explicitFileType = wrapper.application; includeInIndex = 0; path = HelloWorld.app; sourceTree = BUILT_PRODUCTS_DIR; };
		6E6694CA19609F7300D32FDA /* Info.plist */ = {isa = PBXFileReference; lastKnownFileType = text.plist.xml; path = Info.plist; sourceTree = "<group>"; };
		6E6694CB19609F7300D32FDA /* AppDelegate.swift */ = {isa = PBXFileReference; lastKnownFileType = sourcecode.swift; path = AppDelegate.swift; sourceTree = "<group>"; };
		6E6694CD19609F7300D32FDA /* ViewController.swift */ = {isa = PBXFileReference; lastKnownFileType = sourcecode.swift; path = ViewController.swift; sourceTree = "<group>"; };
		6E6694D019609F7300D32FDA /* Base */ = {isa = PBXFileReference; lastKnownFileType = file.storyboard; name = Base; path = Base.lproj/Main.storyboard; sourceTree = "<group>"; };
		6E6694D219609F7300D32FDA /* Images.xcassets */ = {isa = PBXFileReference; lastKnownFileType = folder.assetcatalog; path = Images.xcassets; sourceTree = "<group>"; };
		6E6694D819609F7300D32FDA /* HelloWorldTests.xctest */ = {isa = PBXFileReference; explicitFileType = wrapper.cfbundle; includeInIndex = 0; path = HelloWorldTests.xctest; sourceTree = BUILT_PRODUCTS_DIR; };
		6E6694DD19609F7300D32FDA /* Info.plist */ = {isa = PBXFileReference; lastKnownFileType = text.plist.xml; path = Info.plist; sourceTree = "<group>"; };
		6E6694DE19609F7400D32FDA /* HelloWorldTests.swift */ = {isa = PBXFileReference; lastKnownFileType = sourcecode.swift; path = HelloWorldTests.swift; sourceTree = "<group>"; };
/* End PBXFileReference section */

/* Begin PBXFrameworksBuildPhase section */
		6E6694C319609F7300D32FDA /* Frameworks */ = {
			isa = PBXFrameworksBuildPhase;
			buildActionMask = 2147483647;
			files = (
			);
			runOnlyForDeploymentPostprocessing = 0;
		};
		6E6694D519609F7300D32FDA /* Frameworks */ = {
			isa = PBXFrameworksBuildPhase;
			buildActionMask = 2147483647;
			files = (
			);
			runOnlyForDeploymentPostprocessing = 0;
		};
/* End PBXFrameworksBuildPhase section */

/* Begin PBXGroup section */
		6E6694BD19609F7300D32FDA = {
			isa = PBXGroup;
			children = (
				6E6694C819609F7300D32FDA /* HelloWorld */,
				6E6694DB19609F7300D32FDA /* HelloWorldTests */,
				6E6694C719609F7300D32FDA /* Products */,
			);
			sourceTree = "<group>";
		};
		6E6694C719609F7300D32FDA /* Products */ = {
			isa = PBXGroup;
			children = (
				6E6694C619609F7300D32FDA /* HelloWorld.app */,
				6E6694D819609F7300D32FDA /* HelloWorldTests.xctest */,
			);
			name = Products;
			sourceTree = "<group>";
		};
		6E6694C819609F7300D32FDA /* HelloWorld */ = {
			isa = PBXGroup;
			children = (
				6E6694CB19609F7300D32FDA /* AppDelegate.swift */,
				6E6694CD19609F7300D32FDA /* ViewController.swift */,
				6E6694CF19609F7300D32FDA /* Main.storyboard */,
				6E6694D219609F7300D32FDA /* Images.xcassets */,
				6E6694C919609F7300D32FDA /* Supporting Files */,
			);
			path = HelloWorld;
			sourceTree = "<group>";
		};
		6E6694C919609F7300D32FDA /* Supporting Files */ = {
			isa = PBXGroup;
			children = (
				6E6694CA19609F7300D32FDA /* Info.plist */,
			);
			name = "Supporting Files";
			sourceTree = "<group>";
		};
		6E6694DB19609F7300D32FDA /* HelloWorldTests */ = {
			isa = PBXGroup;
			children = (
				6E6694DE19609F7400D32FDA /* HelloWorldTests.swift */,
				6E6694DC19609F7300D32FDA /* Supporting Files */,
			);
			path = HelloWorldTests;
			sourceTree = "<group>";
		};
		6E6694DC19609F7300D32FDA /* Supporting Files */ = {
			isa = PBXGroup;
			children = (
				6E6694DD19609F7300D32FDA /* Info.plist */,
			);
			name = "Supporting Files";
			sourceTree = "<group>";
		};
/* End PBXGroup section */

/* Begin PBXNativeTarget section */
		6E6694C519609F7300D32FDA /* HelloWorld */ = {
			isa = PBXNativeTarget;
			buildConfigurationList = 6E6694E219609F7400D32FDA /* Build configuration list for PBXNativeTarget "HelloWorld" */;
			buildPhases = (
				6E6694C219609F7300D32FDA /* Sources */,
				6E6694C319609F7300D32FDA /* Frameworks */,
				6E6694C419609F7300D32FDA /* Resources */,
			);
			buildRules = (
			);
			dependencies = (
			);
			name = HelloWorld;
			productName = HelloWorld;
			productReference = 6E6694C619609F7300D32FDA /* HelloWorld.app */;
			productType = "com.apple.product-type.application";
		};
		6E6694D719609F7300D32FDA /* HelloWorldTests */ = {
			isa = PBXNativeTarget;
			buildConfigurationList = 6E6694E519609F7400D32FDA /* Build configuration list for PBXNativeTarget "HelloWorldTests" */;
			buildPhases = (
				6E6694D419609F7300D32FDA /* Sources */,
				6E6694D519609F7300D32FDA /* Frameworks */,
				6E6694D619609F7300D32FDA /* Resources */,
			);
			buildRules = (
			);
			dependencies = (
				6E6694DA19609F7300D32FDA /* PBXTargetDependency */,
			);
			name = HelloWorldTests;
			productName = HelloWorldTests;
			productReference = 6E6694D819609F7300D32FDA /* HelloWorldTests.xctest */;
			productType = "com.apple.product-type.bundle.unit-test";
		};
/* End PBXNativeTarget section */

/* Begin PBXProject section */
		6E6694BE19609F7300D32FDA /* Project object */ = {
			isa = PBXProject;
			attributes = {
				LastUpgradeCheck = 0600;
				ORGANIZATIONNAME = LKC;
				TargetAttributes = {
					6E6694C519609F7300D32FDA = {
						CreatedOnToolsVersion = 6.0;
					};
					6E6694D719609F7300D32FDA = {
						CreatedOnToolsVersion = 6.0;
						TestTargetID = 6E6694C519609F7300D32FDA;
					};
				};
			};
			buildConfigurationList = 6E6694C119609F7300D32FDA /* Build configuration list for PBXProject "HelloWorld" */;
			compatibilityVersion = "Xcode 3.2";
			developmentRegion = English;
			hasScannedForEncodings = 0;
			knownRegions = (
				en,
				Base,
			);
			mainGroup = 6E6694BD19609F7300D32FDA;
			productRefGroup = 6E6694C719609F7300D32FDA /* Products */;
			projectDirPath = "";
			projectRoot = "";
			targets = (
				6E6694C519609F7300D32FDA /* HelloWorld */,
				6E6694D719609F7300D32FDA /* HelloWorldTests */,
			);
		};
/* End PBXProject section */

/* Begin PBXResourcesBuildPhase section */
		6E6694C419609F7300D32FDA /* Resources */ = {
			isa = PBXResourcesBuildPhase;
			buildActionMask = 2147483647;
			files = (
				6E6694D119609F7300D32FDA /* Main.storyboard in Resources */,
				6E6694D319609F7300D32FDA /* Images.xcassets in Resources */,
			);
			runOnlyForDeploymentPostprocessing = 0;
		};
		6E6694D619609F7300D32FDA /* Resources */ = {
			isa = PBXResourcesBuildPhase;
			buildActionMask = 2147483647;
			files = (
			);
			runOnlyForDeploymentPostprocessing = 0;
		};
/* End PBXResourcesBuildPhase section */

/* Begin PBXSourcesBuildPhase section */
		6E6694C219609F7300D32FDA /* Sources */ = {
			isa = PBXSourcesBuildPhase;
			buildActionMask = 2147483647;
			files = (
				6E6694CE19609F7300D32FDA /* ViewController.swift in Sources */,
				6E6694CC19609F7300D32FDA /* AppDelegate.swift in Sources */,
			);
			runOnlyForDeploymentPostprocessing = 0;
		};
		6E6694D419609F7300D32FDA /* Sources */ = {
			isa = PBXSourcesBuildPhase;
			buildActionMask = 2147483647;
			files = (
				6E6694DF19609F7400D32FDA /* HelloWorldTests.swift in Sources */,
			);
			runOnlyForDeploymentPostprocessing = 0;
		};
/* End PBXSourcesBuildPhase section */

/* Begin PBXTargetDependency section */
		6E6694DA19609F7300D32FDA /* PBXTargetDependency */ = {
			isa = PBXTargetDependency;
			target = 6E6694C519609F7300D32FDA /* HelloWorld */;
			targetProxy = 6E6694D919609F7300D32FDA /* PBXContainerItemProxy */;
		};
/* End PBXTargetDependency section */

/* Begin PBXVariantGroup section */
		6E6694CF19609F7300D32FDA /* Main.storyboard */ = {
			isa = PBXVariantGroup;
			children = (
				6E6694D019609F7300D32FDA /* Base */,
			);
			name = Main.storyboard;
			sourceTree = "<group>";
		};
/* End PBXVariantGroup section */

/* Begin XCBuildConfiguration section */
		6E6694E019609F7400D32FDA /* Debug */ = {
			isa = XCBuildConfiguration;
			buildSettings = {
				ALWAYS_SEARCH_USER_PATHS = NO;
				CLANG_CXX_LANGUAGE_STANDARD = "gnu++0x";
				CLANG_CXX_LIBRARY = "libc++";
				CLANG_ENABLE_MODULES = YES;
				CLANG_ENABLE_OBJC_ARC = YES;
				CLANG_WARN_BOOL_CONVERSION = YES;
				CLANG_WARN_CONSTANT_CONVERSION = YES;
				CLANG_WARN_DIRECT_OBJC_ISA_USAGE = YES_ERROR;
				CLANG_WARN_EMPTY_BODY = YES;
				CLANG_WARN_ENUM_CONVERSION = YES;
				CLANG_WARN_INT_CONVERSION = YES;
				CLANG_WARN_OBJC_ROOT_CLASS = YES_ERROR;
				CLANG_WARN_UNREACHABLE_CODE = YES;
				CLANG_WARN__DUPLICATE_METHOD_MATCH = YES;
				"CODE_SIGN_IDENTITY[sdk=iphoneos*]" = "iPhone Developer";
				COPY_PHASE_STRIP = NO;
				ENABLE_STRICT_OBJC_MSGSEND = YES;
				GCC_C_LANGUAGE_STANDARD = gnu99;
				GCC_DYNAMIC_NO_PIC = NO;
				GCC_OPTIMIZATION_LEVEL = 0;
				GCC_PREPROCESSOR_DEFINITIONS = (
					"DEBUG=1",
					"$(inherited)",
				);
				GCC_SYMBOLS_PRIVATE_EXTERN = NO;
				GCC_WARN_64_TO_32_BIT_CONVERSION = YES;
				GCC_WARN_ABOUT_RETURN_TYPE = YES_ERROR;
				GCC_WARN_UNDECLARED_SELECTOR = YES;
				GCC_WARN_UNINITIALIZED_AUTOS = YES_AGGRESSIVE;
				GCC_WARN_UNUSED_FUNCTION = YES;
				GCC_WARN_UNUSED_VARIABLE = YES;
				IPHONEOS_DEPLOYMENT_TARGET = 8.0;
				METAL_ENABLE_DEBUG_INFO = YES;
				ONLY_ACTIVE_ARCH = YES;
				SDKROOT = iphoneos;
				SWIFT_OPTIMIZATION_LEVEL = "-Onone";
				TARGETED_DEVICE_FAMILY = "1,2";
			};
			name = Debug;
		};
		6E6694E119609F7400D32FDA /* Release */ = {
			isa = XCBuildConfiguration;
			buildSettings = {
				ALWAYS_SEARCH_USER_PATHS = NO;
				CLANG_CXX_LANGUAGE_STANDARD = "gnu++0x";
				CLANG_CXX_LIBRARY = "libc++";
				CLANG_ENABLE_MODULES = YES;
				CLANG_ENABLE_OBJC_ARC = YES;
				CLANG_WARN_BOOL_CONVERSION = YES;
				CLANG_WARN_CONSTANT_CONVERSION = YES;
				CLANG_WARN_DIRECT_OBJC_ISA_USAGE = YES_ERROR;
				CLANG_WARN_EMPTY_BODY = YES;
				CLANG_WARN_ENUM_CONVERSION = YES;
				CLANG_WARN_INT_CONVERSION = YES;
				CLANG_WARN_OBJC_ROOT_CLASS = YES_ERROR;
				CLANG_WARN_UNREACHABLE_CODE = YES;
				CLANG_WARN__DUPLICATE_METHOD_MATCH = YES;
				"CODE_SIGN_IDENTITY[sdk=iphoneos*]" = "iPhone Developer";
				COPY_PHASE_STRIP = YES;
				ENABLE_NS_ASSERTIONS = NO;
				ENABLE_STRICT_OBJC_MSGSEND = YES;
				GCC_C_LANGUAGE_STANDARD = gnu99;
				GCC_WARN_64_TO_32_BIT_CONVERSION = YES;
				GCC_WARN_ABOUT_RETURN_TYPE = YES_ERROR;
				GCC_WARN_UNDECLARED_SELECTOR = YES;
				GCC_WARN_UNINITIALIZED_AUTOS = YES_AGGRESSIVE;
				GCC_WARN_UNUSED_FUNCTION = YES;
				GCC_WARN_UNUSED_VARIABLE = YES;
				IPHONEOS_DEPLOYMENT_TARGET = 8.0;
				METAL_ENABLE_DEBUG_INFO = NO;
				SDKROOT = iphoneos;
				TARGETED_DEVICE_FAMILY = "1,2";
				VALIDATE_PRODUCT = YES;
			};
			name = Release;
		};
		6E6694E319609F7400D32FDA /* Debug */ = {
			isa = XCBuildConfiguration;
			buildSettings = {
				ASSETCATALOG_COMPILER_APPICON_NAME = AppIcon;
				ASSETCATALOG_COMPILER_LAUNCHIMAGE_NAME = LaunchImage;
				INFOPLIST_FILE = HelloWorld/Info.plist;
				LD_RUNPATH_SEARCH_PATHS = "$(inherited) @executable_path/Frameworks";
				PRODUCT_NAME = "$(TARGET_NAME)";
			};
			name = Debug;
		};
		6E6694E419609F7400D32FDA /* Release */ = {
			isa = XCBuildConfiguration;
			buildSettings = {
				ASSETCATALOG_COMPILER_APPICON_NAME = AppIcon;
				ASSETCATALOG_COMPILER_LAUNCHIMAGE_NAME = LaunchImage;
				INFOPLIST_FILE = HelloWorld/Info.plist;
				LD_RUNPATH_SEARCH_PATHS = "$(inherited) @executable_path/Frameworks";
				PRODUCT_NAME = "$(TARGET_NAME)";
			};
			name = Release;
		};
		6E6694E619609F7400D32FDA /* Debug */ = {
			isa = XCBuildConfiguration;
			buildSettings = {
				BUNDLE_LOADER = "$(BUILT_PRODUCTS_DIR)/HelloWorld.app/HelloWorld";
				FRAMEWORK_SEARCH_PATHS = (
					"$(SDKROOT)/Developer/Library/Frameworks",
					"$(inherited)",
				);
				GCC_PREPROCESSOR_DEFINITIONS = (
					"DEBUG=1",
					"$(inherited)",
				);
				INFOPLIST_FILE = HelloWorldTests/Info.plist;
				LD_RUNPATH_SEARCH_PATHS = "$(inherited) @executable_path/Frameworks @loader_path/Frameworks";
				METAL_ENABLE_DEBUG_INFO = YES;
				PRODUCT_NAME = "$(TARGET_NAME)";
				TEST_HOST = "$(BUNDLE_LOADER)";
			};
			name = Debug;
		};
		6E6694E719609F7400D32FDA /* Release */ = {
			isa = XCBuildConfiguration;
			buildSettings = {
				BUNDLE_LOADER = "$(BUILT_PRODUCTS_DIR)/HelloWorld.app/HelloWorld";
				FRAMEWORK_SEARCH_PATHS = (
					"$(SDKROOT)/Developer/Library/Frameworks",
					"$(inherited)",
				);
				INFOPLIST_FILE = HelloWorldTests/Info.plist;
				LD_RUNPATH_SEARCH_PATHS = "$(inherited) @executable_path/Frameworks @loader_path/Frameworks";
				METAL_ENABLE_DEBUG_INFO = NO;
				PRODUCT_NAME = "$(TARGET_NAME)";
				TEST_HOST = "$(BUNDLE_LOADER)";
			};
			name = Release;
		};
/* End XCBuildConfiguration section */

/* Begin XCConfigurationList section */
		6E6694C119609F7300D32FDA /* Build configuration list for PBXProject "HelloWorld" */ = {
			isa = XCConfigurationList;
			buildConfigurations = (
				6E6694E019609F7400D32FDA /* Debug */,
				6E6694E119609F7400D32FDA /* Release */,
			);
			defaultConfigurationIsVisible = 0;
			defaultConfigurationName = Release;
		};
		6E6694E219609F7400D32FDA /* Build configuration list for PBXNativeTarget "HelloWorld" */ = {
			isa = XCConfigurationList;
			buildConfigurations = (
				6E6694E319609F7400D32FDA /* Debug */,
				6E6694E419609F7400D32FDA /* Release */,
			);
			defaultConfigurationIsVisible = 0;
		};
		6E6694E519609F7400D32FDA /* Build configuration list for PBXNativeTarget "HelloWorldTests" */ = {
			isa = XCConfigurationList;
			buildConfigurations = (
				6E6694E619609F7400D32FDA /* Debug */,
				6E6694E719609F7400D32FDA /* Release */,
			);
			defaultConfigurationIsVisible = 0;
		};
/* End XCConfigurationList section */
	};
	rootObject = 6E6694BE19609F7300D32FDA /* Project object */;
}
